
Microsoft Visual Studio Solution File, Format Version 12.00
# Visual Studio 15
VisualStudioVersion = 15.0.27703.2042
MinimumVisualStudioVersion = 10.0.40219.1
Project("{FAE04EC0-301F-11D3-BF4B-00C04F79EFBC}") = "primeraAplicacionXamarine.Android", "primeraAplicacionXamarine\primeraAplicacionXamarine.Android\primeraAplicacionXamarine.Android.csproj", "{4187719E-F2F5-4E08-8C46-EE7C7638B423}"
EndProject
Project("{FAE04EC0-301F-11D3-BF4B-00C04F79EFBC}") = "primeraAplicacionXamarine.iOS", "primeraAplicacionXamarine\primeraAplicacionXamarine.iOS\primeraAplicacionXamarine.iOS.csproj", "{1A407694-8229-4D27-AD4F-2B426A22E484}"
EndProject
Project("{D954291E-2A0B-460D-934E-DC6B0785DB48}") = "primeraAplicacionXamarine", "primeraAplicacionXamarine\primeraAplicacionXamarine\primeraAplicacionXamarine.shproj", "{B3E58A88-0684-42AF-ADDA-EEFE3A5D2CED}"
EndProject
Global
	GlobalSection(SharedMSBuildProjectFiles) = preSolution
		primeraAplicacionXamarine\primeraAplicacionXamarine\primeraAplicacionXamarine.projitems*{1a407694-8229-4d27-ad4f-2b426a22e484}*SharedItemsImports = 4
		primeraAplicacionXamarine\primeraAplicacionXamarine\primeraAplicacionXamarine.projitems*{4187719e-f2f5-4e08-8c46-ee7c7638b423}*SharedItemsImports = 4
		primeraAplicacionXamarine\primeraAplicacionXamarine\primeraAplicacionXamarine.projitems*{b3e58a88-0684-42af-adda-eefe3a5d2ced}*SharedItemsImports = 13
	EndGlobalSection
	GlobalSection(SolutionConfigurationPlatforms) = preSolution
		Ad-Hoc|Any CPU = Ad-Hoc|Any CPU
		Ad-Hoc|iPhone = Ad-Hoc|iPhone
		Ad-Hoc|iPhoneSimulator = Ad-Hoc|iPhoneSimulator
		AppStore|Any CPU = AppStore|Any CPU
		AppStore|iPhone = AppStore|iPhone
		AppStore|iPhoneSimulator = AppStore|iPhoneSimulator
		Debug|Any CPU = Debug|Any CPU
		Debug|iPhone = Debug|iPhone
		Debug|iPhoneSimulator = Debug|iPhoneSimulator
		Release|Any CPU = Release|Any CPU
		Release|iPhone = Release|iPhone
		Release|iPhoneSimulator = Release|iPhoneSimulator
	EndGlobalSection
	GlobalSection(ProjectConfigurationPlatforms) = postSolution
		{4187719E-F2F5-4E08-8C46-EE7C7638B423}.Ad-Hoc|Any CPU.ActiveCfg = Release|Any CPU
		{4187719E-F2F5-4E08-8C46-EE7C7638B423}.Ad-Hoc|Any CPU.Build.0 = Release|Any CPU
		{4187719E-F2F5-4E08-8C46-EE7C7638B423}.Ad-Hoc|Any CPU.Deploy.0 = Release|Any CPU
		{4187719E-F2F5-4E08-8C46-EE7C7638B423}.Ad-Hoc|iPhone.ActiveCfg = Release|Any CPU
		{4187719E-F2F5-4E08-8C46-EE7C7638B423}.Ad-Hoc|iPhone.Build.0 = Release|Any CPU
		{4187719E-F2F5-4E08-8C46-EE7C7638B423}.Ad-Hoc|iPhone.Deploy.0 = Release|Any CPU
		{4187719E-F2F5-4E08-8C46-EE7C7638B423}.Ad-Hoc|iPhoneSimulator.ActiveCfg = Release|Any CPU
		{4187719E-F2F5-4E08-8C46-EE7C7638B423}.Ad-Hoc|iPhoneSimulator.Build.0 = Release|Any CPU
		{4187719E-F2F5-4E08-8C46-EE7C7638B423}.Ad-Hoc|iPhoneSimulator.Deploy.0 = Release|Any CPU
		{4187719E-F2F5-4E08-8C46-EE7C7638B423}.AppStore|Any CPU.ActiveCfg = Release|Any CPU
		{4187719E-F2F5-4E08-8C46-EE7C7638B423}.AppStore|Any CPU.Build.0 = Release|Any CPU
		{4187719E-F2F5-4E08-8C46-EE7C7638B423}.AppStore|Any CPU.Deploy.0 = Release|Any CPU
		{4187719E-F2F5-4E08-8C46-EE7C7638B423}.AppStore|iPhone.ActiveCfg = Release|Any CPU
		{4187719E-F2F5-4E08-8C46-EE7C7638B423}.AppStore|iPhone.Build.0 = Release|Any CPU
		{4187719E-F2F5-4E08-8C46-EE7C7638B423}.AppStore|iPhone.Deploy.0 = Release|Any CPU
		{4187719E-F2F5-4E08-8C46-EE7C7638B423}.AppStore|iPhoneSimulator.ActiveCfg = Release|Any CPU
		{4187719E-F2F5-4E08-8C46-EE7C7638B423}.AppStore|iPhoneSimulator.Build.0 = Release|Any CPU
		{4187719E-F2F5-4E08-8C46-EE7C7638B423}.AppStore|iPhoneSimulator.Deploy.0 = Release|Any CPU
		{4187719E-F2F5-4E08-8C46-EE7C7638B423}.Debug|Any CPU.ActiveCfg = Debug|Any CPU
		{4187719E-F2F5-4E08-8C46-EE7C7638B423}.Debug|Any CPU.Build.0 = Debug|Any CPU
		{4187719E-F2F5-4E08-8C46-EE7C7638B423}.Debug|Any CPU.Deploy.0 = Debug|Any CPU
		{4187719E-F2F5-4E08-8C46-EE7C7638B423}.Debug|iPhone.ActiveCfg = Debug|Any CPU
		{4187719E-F2F5-4E08-8C46-EE7C7638B423}.Debug|iPhone.Build.0 = Debug|Any CPU
		{4187719E-F2F5-4E08-8C46-EE7C7638B423}.Debug|iPhone.Deploy.0 = Debug|Any CPU
		{4187719E-F2F5-4E08-8C46-EE7C7638B423}.Debug|iPhoneSimulator.ActiveCfg = Debug|Any CPU
		{4187719E-F2F5-4E08-8C46-EE7C7638B423}.Debug|iPhoneSimulator.Build.0 = Debug|Any CPU
		{4187719E-F2F5-4E08-8C46-EE7C7638B423}.Debug|iPhoneSimulator.Deploy.0 = Debug|Any CPU
		{4187719E-F2F5-4E08-8C46-EE7C7638B423}.Release|Any CPU.ActiveCfg = Release|Any CPU
		{4187719E-F2F5-4E08-8C46-EE7C7638B423}.Release|Any CPU.Build.0 = Release|Any CPU
		{4187719E-F2F5-4E08-8C46-EE7C7638B423}.Release|Any CPU.Deploy.0 = Release|Any CPU
		{4187719E-F2F5-4E08-8C46-EE7C7638B423}.Release|iPhone.ActiveCfg = Release|Any CPU
		{4187719E-F2F5-4E08-8C46-EE7C7638B423}.Release|iPhone.Build.0 = Release|Any CPU
		{4187719E-F2F5-4E08-8C46-EE7C7638B423}.Release|iPhone.Deploy.0 = Release|Any CPU
		{4187719E-F2F5-4E08-8C46-EE7C7638B423}.Release|iPhoneSimulator.ActiveCfg = Release|Any CPU
		{4187719E-F2F5-4E08-8C46-EE7C7638B423}.Release|iPhoneSimulator.Build.0 = Release|Any CPU
		{4187719E-F2F5-4E08-8C46-EE7C7638B423}.Release|iPhoneSimulator.Deploy.0 = Release|Any CPU
		{1A407694-8229-4D27-AD4F-2B426A22E484}.Ad-Hoc|Any CPU.ActiveCfg = Ad-Hoc|iPhone
		{1A407694-8229-4D27-AD4F-2B426A22E484}.Ad-Hoc|Any CPU.Build.0 = Ad-Hoc|iPhone
		{1A407694-8229-4D27-AD4F-2B426A22E484}.Ad-Hoc|Any CPU.Deploy.0 = Ad-Hoc|iPhone
		{1A407694-8229-4D27-AD4F-2B426A22E484}.Ad-Hoc|iPhone.ActiveCfg = Ad-Hoc|iPhone
		{1A407694-8229-4D27-AD4F-2B426A22E484}.Ad-Hoc|iPhone.Build.0 = Ad-Hoc|iPhone
		{1A407694-8229-4D27-AD4F-2B426A22E484}.Ad-Hoc|iPhone.Deploy.0 = Ad-Hoc|iPhone
		{1A407694-8229-4D27-AD4F-2B426A22E484}.Ad-Hoc|iPhoneSimulator.ActiveCfg = Ad-Hoc|iPhoneSimulator
		{1A407694-8229-4D27-AD4F-2B426A22E484}.Ad-Hoc|iPhoneSimulator.Build.0 = Ad-Hoc|iPhoneSimulator
		{1A407694-8229-4D27-AD4F-2B426A22E484}.Ad-Hoc|iPhoneSimulator.Deploy.0 = Ad-Hoc|iPhoneSimulator
		{1A407694-8229-4D27-AD4F-2B426A22E484}.AppStore|Any CPU.ActiveCfg = AppStore|iPhone
		{1A407694-8229-4D27-AD4F-2B426A22E484}.AppStore|Any CPU.Build.0 = AppStore|iPhone
		{1A407694-8229-4D27-AD4F-2B426A22E484}.AppStore|Any CPU.Deploy.0 = AppStore|iPhone
		{1A407694-8229-4D27-AD4F-2B426A22E484}.AppStore|iPhone.ActiveCfg = AppStore|iPhone
		{1A407694-8229-4D27-AD4F-2B426A22E484}.AppStore|iPhone.Build.0 = AppStore|iPhone
		{1A407694-8229-4D27-AD4F-2B426A22E484}.AppStore|iPhone.Deploy.0 = AppStore|iPhone
		{1A407694-8229-4D27-AD4F-2B426A22E484}.AppStore|iPhoneSimulator.ActiveCfg = AppStore|iPhoneSimulator
		{1A407694-8229-4D27-AD4F-2B426A22E484}.AppStore|iPhoneSimulator.Build.0 = AppStore|iPhoneSimulator
		{1A407694-8229-4D27-AD4F-2B426A22E484}.AppStore|iPhoneSimulator.Deploy.0 = AppStore|iPhoneSimulator
		{1A407694-8229-4D27-AD4F-2B426A22E484}.Debug|Any CPU.ActiveCfg = Debug|iPhoneSimulator
		{1A407694-8229-4D27-AD4F-2B426A22E484}.Debug|Any CPU.Build.0 = Debug|iPhoneSimulator
		{1A407694-8229-4D27-AD4F-2B426A22E484}.Debug|Any CPU.Deploy.0 = Debug|iPhoneSimulator
		{1A407694-8229-4D27-AD4F-2B426A22E484}.Debug|iPhone.ActiveCfg = Debug|iPhone
		{1A407694-8229-4D27-AD4F-2B426A22E484}.Debug|iPhone.Build.0 = Debug|iPhone
		{1A407694-8229-4D27-AD4F-2B426A22E484}.Debug|iPhone.Deploy.0 = Debug|iPhone
		{1A407694-8229-4D27-AD4F-2B426A22E484}.Debug|iPhoneSimulator.ActiveCfg = Debug|iPhoneSimulator
		{1A407694-8229-4D27-AD4F-2B426A22E484}.Debug|iPhoneSimulator.Build.0 = Debug|iPhoneSimulator
		{1A407694-8229-4D27-AD4F-2B426A22E484}.Debug|iPhoneSimulator.Deploy.0 = Debug|iPhoneSimulator
		{1A407694-8229-4D27-AD4F-2B426A22E484}.Release|Any CPU.ActiveCfg = Release|iPhone
		{1A407694-8229-4D27-AD4F-2B426A22E484}.Release|Any CPU.Build.0 = Release|iPhone
		{1A407694-8229-4D27-AD4F-2B426A22E484}.Release|Any CPU.Deploy.0 = Release|iPhone
		{1A407694-8229-4D27-AD4F-2B426A22E484}.Release|iPhone.ActiveCfg = Release|iPhone
		{1A407694-8229-4D27-AD4F-2B426A22E484}.Release|iPhone.Build.0 = Release|iPhone
		{1A407694-8229-4D27-AD4F-2B426A22E484}.Release|iPhone.Deploy.0 = Release|iPhone
		{1A407694-8229-4D27-AD4F-2B426A22E484}.Release|iPhoneSimulator.ActiveCfg = Release|iPhoneSimulator
		{1A407694-8229-4D27-AD4F-2B426A22E484}.Release|iPhoneSimulator.Build.0 = Release|iPhoneSimulator
		{1A407694-8229-4D27-AD4F-2B426A22E484}.Release|iPhoneSimulator.Deploy.0 = Release|iPhoneSimulator
	EndGlobalSection
	GlobalSection(SolutionProperties) = preSolution
		HideSolutionNode = FALSE
	EndGlobalSection
	GlobalSection(ExtensibilityGlobals) = postSolution
		SolutionGuid = {7F6EB25F-8FE9-425A-9343-643E773AB7EF}
	EndGlobalSection
EndGlobal
